
Microsoft Visual Studio Solution File, Format Version 12.00
# Visual Studio 15
Project("{8BC9CEB8-8B4A-11D0-8D11-00A0C91BC942}") = "AkMemoryMgr", "AkMemoryMgr\GGP\AkMemoryMgrGGP_vc150.vcxproj", "{7703C141-E211-567C-6814-91760155E83A}"
EndProject
Project("{8BC9CEB8-8B4A-11D0-8D11-00A0C91BC942}") = "AkMusicEngine", "AkMusicEngine\GGP\AkMusicEngineGGP_vc150.vcxproj", "{8AC79551-85B7-9CC1-7B68-844A4EA64D12}"
EndProject
Project("{8BC9CEB8-8B4A-11D0-8D11-00A0C91BC942}") = "AkSoundEngine", "AkAudiolib\GGP\AkSoundEngineGGP_vc150.vcxproj", "{B291A925-7A5C-A0F0-4694-3969482DCEA3}"
EndProject
Project("{8BC9CEB8-8B4A-11D0-8D11-00A0C91BC942}") = "AkSpatialAudio", "..\SpatialAudio\GGP\AkSpatialAudioGGP_vc150.vcxproj", "{918F6F1D-60AA-97A0-F809-032F6B646634}"
EndProject
Project("{8BC9CEB8-8B4A-11D0-8D11-00A0C91BC942}") = "AkStreamMgr", "..\StreamManager\GGP\AkStreamMgr.vcxproj", "{82124C0B-D109-B6F8-2978-5791B294C739}"
EndProject
Project("{2150E333-8FDC-42A3-9474-1A3956D46DE8}") = "Communication - Proxy", "Communication - Proxy", "{118C63B7-7D99-919D-0680-8D88728C5D54}"
EndProject
Project("{8BC9CEB8-8B4A-11D0-8D11-00A0C91BC942}") = "CommunicationCentral", "Communication\Remote\GGP\CommunicationCentralGGP_vc150.vcxproj", "{92E83644-6316-9D57-3626-FC67057246A0}"
EndProject
Project("{2150E333-8FDC-42A3-9474-1A3956D46DE8}") = "Opus", "Opus", "{5339CA5D-3FF1-0BAB-A8F8-E40694CFA69B}"
EndProject
Project("{8BC9CEB8-8B4A-11D0-8D11-00A0C91BC942}") = "AkOpusDecoder", "Codecs\AkOpusDecoder\GGP\AkOpusDecoderGGP_vc150.vcxproj", "{3B283EA1-502C-475C-7CBE-D4439489E843}"
EndProject
Project("{2150E333-8FDC-42A3-9474-1A3956D46DE8}") = "Plugins", "Plugins", "{6EEF9964-DAAF-159B-A3EA-5E180F6A5A77}"
EndProject
Project("{2150E333-8FDC-42A3-9474-1A3956D46DE8}") = "Effects", "Effects", "{1DFD763D-8969-3238-525D-CA95BE8854A0}"
EndProject
Project("{8BC9CEB8-8B4A-11D0-8D11-00A0C91BC942}") = "AkCompressorFX", "Plugins\Effects\AkCompressor\GGP\AkCompressorFXGGP_vc150.vcxproj", "{3C7A3795-2091-0071-C754-D5C3D6B71E32}"
EndProject
Project("{8BC9CEB8-8B4A-11D0-8D11-00A0C91BC942}") = "AkDelayFX", "..\..\samples\Plugins\AkDelay\Sources\AudioEngineFX\GGP\AkDelayFXGGP_vc150.vcxproj", "{2449E6A6-19AC-AD16-A85E-3E8AC2EE69BA}"
EndProject
Project("{8BC9CEB8-8B4A-11D0-8D11-00A0C91BC942}") = "AkExpanderFX", "Plugins\Effects\AkExpander\GGP\AkExpanderFXGGP_vc150.vcxproj", "{69226135-2E76-CC70-1159-86CFBA3A08A5}"
EndProject
Project("{8BC9CEB8-8B4A-11D0-8D11-00A0C91BC942}") = "AkFlangerFX", "Plugins\Effects\AkFlanger\GGP\AkFlangerFXGGP_vc150.vcxproj", "{1B65386C-B55B-8EC0-8643-89A21ACCD11A}"
EndProject
Project("{8BC9CEB8-8B4A-11D0-8D11-00A0C91BC942}") = "AkGainFX", "Plugins\Effects\AkGain\GGP\AkGainFXGGP_vc150.vcxproj", "{6D2086FC-F30B-1CC8-C73B-9CE528C8B5BE}"
EndProject
Project("{8BC9CEB8-8B4A-11D0-8D11-00A0C91BC942}") = "AkGuitarDistortionFX", "Plugins\Effects\AkGuitarDistortion\GGP\AkGuitarDistortionFXGGP_vc150.vcxproj", "{B3C5049A-357F-77F2-33D3-7C0CDC31FB26}"
EndProject
Project("{8BC9CEB8-8B4A-11D0-8D11-00A0C91BC942}") = "AkHarmonizerFX", "Plugins\Effects\AkHarmonizer\GGP\AkHarmonizerFXGGP_vc150.vcxproj", "{084F9999-A23F-5A75-223A-2A5E90FD27D1}"
EndProject
Project("{8BC9CEB8-8B4A-11D0-8D11-00A0C91BC942}") = "AkMatrixReverbFX", "Plugins\Effects\AkFDNReverb\GGP\AkMatrixReverbFXGGP_vc150.vcxproj", "{B43A209F-A9AD-71D8-D3DC-126257EEEA17}"
EndProject
Project("{8BC9CEB8-8B4A-11D0-8D11-00A0C91BC942}") = "AkMeterFX", "Plugins\Effects\AkMeter\GGP\AkMeterFXGGP_vc150.vcxproj", "{09979DC9-B583-817A-6D01-1C6C839349D2}"
EndProject
Project("{8BC9CEB8-8B4A-11D0-8D11-00A0C91BC942}") = "AkParametricEQFX", "Plugins\Effects\AkParametricEQ\GGP\AkParametricEQFXGGP_vc150.vcxproj", "{BE0E04B7-28CA-AAA4-9729-3BD94BC00959}"
EndProject
Project("{8BC9CEB8-8B4A-11D0-8D11-00A0C91BC942}") = "AkPeakLimiterFX", "Plugins\Effects\AkPeakLimiter\GGP\AkPeakLimiterFXGGP_vc150.vcxproj", "{CE7E0C2D-3FFE-3942-6E10-C93103E9BFCB}"
EndProject
Project("{8BC9CEB8-8B4A-11D0-8D11-00A0C91BC942}") = "AkPitchShifterFX", "Plugins\Effects\AkPitchShifter\GGP\AkPitchShifterFXGGP_vc150.vcxproj", "{54C06B48-4BFD-A1B8-B600-CC20B0F15672}"
EndProject
Project("{8BC9CEB8-8B4A-11D0-8D11-00A0C91BC942}") = "AkRecorderFX", "Plugins\Effects\AkRecorder\GGP\AkRecorderFXGGP_vc150.vcxproj", "{B0E3F795-0271-B949-A1F0-8D267E1F0D5B}"
EndProject
Project("{8BC9CEB8-8B4A-11D0-8D11-00A0C91BC942}") = "AkRoomVerbFX", "Plugins\Effects\AkRoomVerb\GGP\AkRoomVerbFXGGP_vc150.vcxproj", "{4B9FE0A6-3F49-9411-30DE-FF794C108FC2}"
EndProject
Project("{8BC9CEB8-8B4A-11D0-8D11-00A0C91BC942}") = "AkStereoDelayFX", "Plugins\Effects\AkStereoDelay\GGP\AkStereoDelayFXGGP_vc150.vcxproj", "{06AECC12-8DEA-8F4D-0796-BD8A8283CB0A}"
EndProject
Project("{8BC9CEB8-8B4A-11D0-8D11-00A0C91BC942}") = "AkTimeStretchFX", "Plugins\Effects\AkTimeStretch\GGP\AkTimeStretchFXGGP_vc150.vcxproj", "{A7A60977-5E81-1051-503A-16A28B26F38C}"
EndProject
Project("{8BC9CEB8-8B4A-11D0-8D11-00A0C91BC942}") = "AkTremoloFX", "Plugins\Effects\AkTremolo\GGP\AkTremoloFXGGP_vc150.vcxproj", "{12C9E879-A26C-F9C7-5E1D-56B899DAA732}"
EndProject
Project("{2150E333-8FDC-42A3-9474-1A3956D46DE8}") = "Sources", "Sources", "{E14B3B89-4DB8-F683-16AC-8EE182D718EC}"
EndProject
Project("{8BC9CEB8-8B4A-11D0-8D11-00A0C91BC942}") = "AkAudioInputSource", "..\..\samples\Plugins\AkAudioInput\Sources\AudioEngineFX\GGP\AkAudioInputSourceGGP_vc150.vcxproj", "{91BABF3A-05F5-8BBF-9137-94229B1DFCA6}"
EndProject
Project("{8BC9CEB8-8B4A-11D0-8D11-00A0C91BC942}") = "AkSilenceSource", "Plugins\Sources\AkSilenceSource\GGP\AkSilenceSourceGGP_vc150.vcxproj", "{06119DFE-4E7C-079A-950A-575B33E7556A}"
EndProject
Project("{8BC9CEB8-8B4A-11D0-8D11-00A0C91BC942}") = "AkSineSource", "..\..\samples\Plugins\AkSineTone\Sources\AudioEngineFX\GGP\AkSineSourceGGP_vc150.vcxproj", "{358B9A00-3BD8-EA8A-66E7-EBFB3C8AA739}"
EndProject
Project("{8BC9CEB8-8B4A-11D0-8D11-00A0C91BC942}") = "AkSynthOneSource", "Plugins\Sources\AkSynthOne\GGP\AkSynthOneSourceGGP_vc150.vcxproj", "{C3D368F5-C1CC-6A4C-0996-7569331A2DD8}"
EndProject
Project("{8BC9CEB8-8B4A-11D0-8D11-00A0C91BC942}") = "AkToneSource", "..\..\samples\Plugins\AkToneGenerator\Sources\AudioEngineFX\GGP\AkToneSourceGGP_vc150.vcxproj", "{064A4D76-B8EF-D8EE-EEFD-745F41F17A31}"
EndProject
Project("{2150E333-8FDC-42A3-9474-1A3956D46DE8}") = "Vorbis", "Vorbis", "{81FE7D09-6D61-0DAE-16E7-45640229D930}"
EndProject
Project("{8BC9CEB8-8B4A-11D0-8D11-00A0C91BC942}") = "AkVorbisDecoder", "Codecs\AkVorbisDecoder\GGP\AkVorbisDecoderGGP_vc150.vcxproj", "{7158C2F6-75EE-FEF2-6C18-31FD6BC8D61A}"
EndProject
Global
	GlobalSection(SolutionConfigurationPlatforms) = preSolution
		Debug|GGP = Debug|GGP
		Profile_EnableAsserts|GGP = Profile_EnableAsserts|GGP
		Profile|GGP = Profile|GGP
		Release|GGP = Release|GGP
	EndGlobalSection
	GlobalSection(ProjectConfigurationPlatforms) = postSolution
		{7703C141-E211-567C-6814-91760155E83A}.Debug|GGP.ActiveCfg = Debug|GGP
		{7703C141-E211-567C-6814-91760155E83A}.Debug|GGP.Build.0 = Debug|GGP
		{7703C141-E211-567C-6814-91760155E83A}.Profile_EnableAsserts|GGP.ActiveCfg = Profile_EnableAsserts|GGP
		{7703C141-E211-567C-6814-91760155E83A}.Profile_EnableAsserts|GGP.Build.0 = Profile_EnableAsserts|GGP
		{7703C141-E211-567C-6814-91760155E83A}.Profile|GGP.ActiveCfg = Profile|GGP
		{7703C141-E211-567C-6814-91760155E83A}.Profile|GGP.Build.0 = Profile|GGP
		{7703C141-E211-567C-6814-91760155E83A}.Release|GGP.ActiveCfg = Release|GGP
		{7703C141-E211-567C-6814-91760155E83A}.Release|GGP.Build.0 = Release|GGP
		{8AC79551-85B7-9CC1-7B68-844A4EA64D12}.Debug|GGP.ActiveCfg = Debug|GGP
		{8AC79551-85B7-9CC1-7B68-844A4EA64D12}.Debug|GGP.Build.0 = Debug|GGP
		{8AC79551-85B7-9CC1-7B68-844A4EA64D12}.Profile_EnableAsserts|GGP.ActiveCfg = Profile_EnableAsserts|GGP
		{8AC79551-85B7-9CC1-7B68-844A4EA64D12}.Profile_EnableAsserts|GGP.Build.0 = Profile_EnableAsserts|GGP
		{8AC79551-85B7-9CC1-7B68-844A4EA64D12}.Profile|GGP.ActiveCfg = Profile|GGP
		{8AC79551-85B7-9CC1-7B68-844A4EA64D12}.Profile|GGP.Build.0 = Profile|GGP
		{8AC79551-85B7-9CC1-7B68-844A4EA64D12}.Release|GGP.ActiveCfg = Release|GGP
		{8AC79551-85B7-9CC1-7B68-844A4EA64D12}.Release|GGP.Build.0 = Release|GGP
		{B291A925-7A5C-A0F0-4694-3969482DCEA3}.Debug|GGP.ActiveCfg = Debug|GGP
		{B291A925-7A5C-A0F0-4694-3969482DCEA3}.Debug|GGP.Build.0 = Debug|GGP
		{B291A925-7A5C-A0F0-4694-3969482DCEA3}.Profile_EnableAsserts|GGP.ActiveCfg = Profile_EnableAsserts|GGP
		{B291A925-7A5C-A0F0-4694-3969482DCEA3}.Profile_EnableAsserts|GGP.Build.0 = Profile_EnableAsserts|GGP
		{B291A925-7A5C-A0F0-4694-3969482DCEA3}.Profile|GGP.ActiveCfg = Profile|GGP
		{B291A925-7A5C-A0F0-4694-3969482DCEA3}.Profile|GGP.Build.0 = Profile|GGP
		{B291A925-7A5C-A0F0-4694-3969482DCEA3}.Release|GGP.ActiveCfg = Release|GGP
		{B291A925-7A5C-A0F0-4694-3969482DCEA3}.Release|GGP.Build.0 = Release|GGP
		{918F6F1D-60AA-97A0-F809-032F6B646634}.Debug|GGP.ActiveCfg = Debug|GGP
		{918F6F1D-60AA-97A0-F809-032F6B646634}.Debug|GGP.Build.0 = Debug|GGP
		{918F6F1D-60AA-97A0-F809-032F6B646634}.Profile_EnableAsserts|GGP.ActiveCfg = Profile_EnableAsserts|GGP
		{918F6F1D-60AA-97A0-F809-032F6B646634}.Profile_EnableAsserts|GGP.Build.0 = Profile_EnableAsserts|GGP
		{918F6F1D-60AA-97A0-F809-032F6B646634}.Profile|GGP.ActiveCfg = Profile|GGP
		{918F6F1D-60AA-97A0-F809-032F6B646634}.Profile|GGP.Build.0 = Profile|GGP
		{918F6F1D-60AA-97A0-F809-032F6B646634}.Release|GGP.ActiveCfg = Release|GGP
		{918F6F1D-60AA-97A0-F809-032F6B646634}.Release|GGP.Build.0 = Release|GGP
		{82124C0B-D109-B6F8-2978-5791B294C739}.Debug|GGP.ActiveCfg = Debug|GGP
		{82124C0B-D109-B6F8-2978-5791B294C739}.Debug|GGP.Build.0 = Debug|GGP
		{82124C0B-D109-B6F8-2978-5791B294C739}.Profile_EnableAsserts|GGP.ActiveCfg = Profile_EnableAsserts|GGP
		{82124C0B-D109-B6F8-2978-5791B294C739}.Profile_EnableAsserts|GGP.Build.0 = Profile_EnableAsserts|GGP
		{82124C0B-D109-B6F8-2978-5791B294C739}.Profile|GGP.ActiveCfg = Profile|GGP
		{82124C0B-D109-B6F8-2978-5791B294C739}.Profile|GGP.Build.0 = Profile|GGP
		{82124C0B-D109-B6F8-2978-5791B294C739}.Release|GGP.ActiveCfg = Release|GGP
		{82124C0B-D109-B6F8-2978-5791B294C739}.Release|GGP.Build.0 = Release|GGP
		{92E83644-6316-9D57-3626-FC67057246A0}.Debug|GGP.ActiveCfg = Debug|GGP
		{92E83644-6316-9D57-3626-FC67057246A0}.Debug|GGP.Build.0 = Debug|GGP
		{92E83644-6316-9D57-3626-FC67057246A0}.Profile_EnableAsserts|GGP.ActiveCfg = Profile_EnableAsserts|GGP
		{92E83644-6316-9D57-3626-FC67057246A0}.Profile_EnableAsserts|GGP.Build.0 = Profile_EnableAsserts|GGP
		{92E83644-6316-9D57-3626-FC67057246A0}.Profile|GGP.ActiveCfg = Profile|GGP
		{92E83644-6316-9D57-3626-FC67057246A0}.Profile|GGP.Build.0 = Profile|GGP
		{92E83644-6316-9D57-3626-FC67057246A0}.Release|GGP.ActiveCfg = Release|GGP
		{3B283EA1-502C-475C-7CBE-D4439489E843}.Debug|GGP.ActiveCfg = Debug|GGP
		{3B283EA1-502C-475C-7CBE-D4439489E843}.Debug|GGP.Build.0 = Debug|GGP
		{3B283EA1-502C-475C-7CBE-D4439489E843}.Profile_EnableAsserts|GGP.ActiveCfg = Profile_EnableAsserts|GGP
		{3B283EA1-502C-475C-7CBE-D4439489E843}.Profile_EnableAsserts|GGP.Build.0 = Profile_EnableAsserts|GGP
		{3B283EA1-502C-475C-7CBE-D4439489E843}.Profile|GGP.ActiveCfg = Profile|GGP
		{3B283EA1-502C-475C-7CBE-D4439489E843}.Profile|GGP.Build.0 = Profile|GGP
		{3B283EA1-502C-475C-7CBE-D4439489E843}.Release|GGP.ActiveCfg = Release|GGP
		{3B283EA1-502C-475C-7CBE-D4439489E843}.Release|GGP.Build.0 = Release|GGP
		{3C7A3795-2091-0071-C754-D5C3D6B71E32}.Debug|GGP.ActiveCfg = Debug|GGP
		{3C7A3795-2091-0071-C754-D5C3D6B71E32}.Debug|GGP.Build.0 = Debug|GGP
		{3C7A3795-2091-0071-C754-D5C3D6B71E32}.Profile_EnableAsserts|GGP.ActiveCfg = Profile_EnableAsserts|GGP
		{3C7A3795-2091-0071-C754-D5C3D6B71E32}.Profile_EnableAsserts|GGP.Build.0 = Profile_EnableAsserts|GGP
		{3C7A3795-2091-0071-C754-D5C3D6B71E32}.Profile|GGP.ActiveCfg = Profile|GGP
		{3C7A3795-2091-0071-C754-D5C3D6B71E32}.Profile|GGP.Build.0 = Profile|GGP
		{3C7A3795-2091-0071-C754-D5C3D6B71E32}.Release|GGP.ActiveCfg = Release|GGP
		{3C7A3795-2091-0071-C754-D5C3D6B71E32}.Release|GGP.Build.0 = Release|GGP
		{2449E6A6-19AC-AD16-A85E-3E8AC2EE69BA}.Debug|GGP.ActiveCfg = Debug|GGP
		{2449E6A6-19AC-AD16-A85E-3E8AC2EE69BA}.Debug|GGP.Build.0 = Debug|GGP
		{2449E6A6-19AC-AD16-A85E-3E8AC2EE69BA}.Profile_EnableAsserts|GGP.ActiveCfg = Profile_EnableAsserts|GGP
		{2449E6A6-19AC-AD16-A85E-3E8AC2EE69BA}.Profile_EnableAsserts|GGP.Build.0 = Profile_EnableAsserts|GGP
		{2449E6A6-19AC-AD16-A85E-3E8AC2EE69BA}.Profile|GGP.ActiveCfg = Profile|GGP
		{2449E6A6-19AC-AD16-A85E-3E8AC2EE69BA}.Profile|GGP.Build.0 = Profile|GGP
		{2449E6A6-19AC-AD16-A85E-3E8AC2EE69BA}.Release|GGP.ActiveCfg = Release|GGP
		{2449E6A6-19AC-AD16-A85E-3E8AC2EE69BA}.Release|GGP.Build.0 = Release|GGP
		{69226135-2E76-CC70-1159-86CFBA3A08A5}.Debug|GGP.ActiveCfg = Debug|GGP
		{69226135-2E76-CC70-1159-86CFBA3A08A5}.Debug|GGP.Build.0 = Debug|GGP
		{69226135-2E76-CC70-1159-86CFBA3A08A5}.Profile_EnableAsserts|GGP.ActiveCfg = Profile_EnableAsserts|GGP
		{69226135-2E76-CC70-1159-86CFBA3A08A5}.Profile_EnableAsserts|GGP.Build.0 = Profile_EnableAsserts|GGP
		{69226135-2E76-CC70-1159-86CFBA3A08A5}.Profile|GGP.ActiveCfg = Profile|GGP
		{69226135-2E76-CC70-1159-86CFBA3A08A5}.Profile|GGP.Build.0 = Profile|GGP
		{69226135-2E76-CC70-1159-86CFBA3A08A5}.Release|GGP.ActiveCfg = Release|GGP
		{69226135-2E76-CC70-1159-86CFBA3A08A5}.Release|GGP.Build.0 = Release|GGP
		{1B65386C-B55B-8EC0-8643-89A21ACCD11A}.Debug|GGP.ActiveCfg = Debug|GGP
		{1B65386C-B55B-8EC0-8643-89A21ACCD11A}.Debug|GGP.Build.0 = Debug|GGP
		{1B65386C-B55B-8EC0-8643-89A21ACCD11A}.Profile_EnableAsserts|GGP.ActiveCfg = Profile_EnableAsserts|GGP
		{1B65386C-B55B-8EC0-8643-89A21ACCD11A}.Profile_EnableAsserts|GGP.Build.0 = Profile_EnableAsserts|GGP
		{1B65386C-B55B-8EC0-8643-89A21ACCD11A}.Profile|GGP.ActiveCfg = Profile|GGP
		{1B65386C-B55B-8EC0-8643-89A21ACCD11A}.Profile|GGP.Build.0 = Profile|GGP
		{1B65386C-B55B-8EC0-8643-89A21ACCD11A}.Release|GGP.ActiveCfg = Release|GGP
		{1B65386C-B55B-8EC0-8643-89A21ACCD11A}.Release|GGP.Build.0 = Release|GGP
		{6D2086FC-F30B-1CC8-C73B-9CE528C8B5BE}.Debug|GGP.ActiveCfg = Debug|GGP
		{6D2086FC-F30B-1CC8-C73B-9CE528C8B5BE}.Debug|GGP.Build.0 = Debug|GGP
		{6D2086FC-F30B-1CC8-C73B-9CE528C8B5BE}.Profile_EnableAsserts|GGP.ActiveCfg = Profile_EnableAsserts|GGP
		{6D2086FC-F30B-1CC8-C73B-9CE528C8B5BE}.Profile_EnableAsserts|GGP.Build.0 = Profile_EnableAsserts|GGP
		{6D2086FC-F30B-1CC8-C73B-9CE528C8B5BE}.Profile|GGP.ActiveCfg = Profile|GGP
		{6D2086FC-F30B-1CC8-C73B-9CE528C8B5BE}.Profile|GGP.Build.0 = Profile|GGP
		{6D2086FC-F30B-1CC8-C73B-9CE528C8B5BE}.Release|GGP.ActiveCfg = Release|GGP
		{6D2086FC-F30B-1CC8-C73B-9CE528C8B5BE}.Release|GGP.Build.0 = Release|GGP
		{B3C5049A-357F-77F2-33D3-7C0CDC31FB26}.Debug|GGP.ActiveCfg = Debug|GGP
		{B3C5049A-357F-77F2-33D3-7C0CDC31FB26}.Debug|GGP.Build.0 = Debug|GGP
		{B3C5049A-357F-77F2-33D3-7C0CDC31FB26}.Profile_EnableAsserts|GGP.ActiveCfg = Profile_EnableAsserts|GGP
		{B3C5049A-357F-77F2-33D3-7C0CDC31FB26}.Profile_EnableAsserts|GGP.Build.0 = Profile_EnableAsserts|GGP
		{B3C5049A-357F-77F2-33D3-7C0CDC31FB26}.Profile|GGP.ActiveCfg = Profile|GGP
		{B3C5049A-357F-77F2-33D3-7C0CDC31FB26}.Profile|GGP.Build.0 = Profile|GGP
		{B3C5049A-357F-77F2-33D3-7C0CDC31FB26}.Release|GGP.ActiveCfg = Release|GGP
		{B3C5049A-357F-77F2-33D3-7C0CDC31FB26}.Release|GGP.Build.0 = Release|GGP
		{084F9999-A23F-5A75-223A-2A5E90FD27D1}.Debug|GGP.ActiveCfg = Debug|GGP
		{084F9999-A23F-5A75-223A-2A5E90FD27D1}.Debug|GGP.Build.0 = Debug|GGP
		{084F9999-A23F-5A75-223A-2A5E90FD27D1}.Profile_EnableAsserts|GGP.ActiveCfg = Profile_EnableAsserts|GGP
		{084F9999-A23F-5A75-223A-2A5E90FD27D1}.Profile_EnableAsserts|GGP.Build.0 = Profile_EnableAsserts|GGP
		{084F9999-A23F-5A75-223A-2A5E90FD27D1}.Profile|GGP.ActiveCfg = Profile|GGP
		{084F9999-A23F-5A75-223A-2A5E90FD27D1}.Profile|GGP.Build.0 = Profile|GGP
		{084F9999-A23F-5A75-223A-2A5E90FD27D1}.Release|GGP.ActiveCfg = Release|GGP
		{084F9999-A23F-5A75-223A-2A5E90FD27D1}.Release|GGP.Build.0 = Release|GGP
		{B43A209F-A9AD-71D8-D3DC-126257EEEA17}.Debug|GGP.ActiveCfg = Debug|GGP
		{B43A209F-A9AD-71D8-D3DC-126257EEEA17}.Debug|GGP.Build.0 = Debug|GGP
		{B43A209F-A9AD-71D8-D3DC-126257EEEA17}.Profile_EnableAsserts|GGP.ActiveCfg = Profile_EnableAsserts|GGP
		{B43A209F-A9AD-71D8-D3DC-126257EEEA17}.Profile_EnableAsserts|GGP.Build.0 = Profile_EnableAsserts|GGP
		{B43A209F-A9AD-71D8-D3DC-126257EEEA17}.Profile|GGP.ActiveCfg = Profile|GGP
		{B43A209F-A9AD-71D8-D3DC-126257EEEA17}.Profile|GGP.Build.0 = Profile|GGP
		{B43A209F-A9AD-71D8-D3DC-126257EEEA17}.Release|GGP.ActiveCfg = Release|GGP
		{B43A209F-A9AD-71D8-D3DC-126257EEEA17}.Release|GGP.Build.0 = Release|GGP
		{09979DC9-B583-817A-6D01-1C6C839349D2}.Debug|GGP.ActiveCfg = Debug|GGP
		{09979DC9-B583-817A-6D01-1C6C839349D2}.Debug|GGP.Build.0 = Debug|GGP
		{09979DC9-B583-817A-6D01-1C6C839349D2}.Profile_EnableAsserts|GGP.ActiveCfg = Profile_EnableAsserts|GGP
		{09979DC9-B583-817A-6D01-1C6C839349D2}.Profile_EnableAsserts|GGP.Build.0 = Profile_EnableAsserts|GGP
		{09979DC9-B583-817A-6D01-1C6C839349D2}.Profile|GGP.ActiveCfg = Profile|GGP
		{09979DC9-B583-817A-6D01-1C6C839349D2}.Profile|GGP.Build.0 = Profile|GGP
		{09979DC9-B583-817A-6D01-1C6C839349D2}.Release|GGP.ActiveCfg = Release|GGP
		{09979DC9-B583-817A-6D01-1C6C839349D2}.Release|GGP.Build.0 = Release|GGP
		{BE0E04B7-28CA-AAA4-9729-3BD94BC00959}.Debug|GGP.ActiveCfg = Debug|GGP
		{BE0E04B7-28CA-AAA4-9729-3BD94BC00959}.Debug|GGP.Build.0 = Debug|GGP
		{BE0E04B7-28CA-AAA4-9729-3BD94BC00959}.Profile_EnableAsserts|GGP.ActiveCfg = Profile_EnableAsserts|GGP
		{BE0E04B7-28CA-AAA4-9729-3BD94BC00959}.Profile_EnableAsserts|GGP.Build.0 = Profile_EnableAsserts|GGP
		{BE0E04B7-28CA-AAA4-9729-3BD94BC00959}.Profile|GGP.ActiveCfg = Profile|GGP
		{BE0E04B7-28CA-AAA4-9729-3BD94BC00959}.Profile|GGP.Build.0 = Profile|GGP
		{BE0E04B7-28CA-AAA4-9729-3BD94BC00959}.Release|GGP.ActiveCfg = Release|GGP
		{BE0E04B7-28CA-AAA4-9729-3BD94BC00959}.Release|GGP.Build.0 = Release|GGP
		{CE7E0C2D-3FFE-3942-6E10-C93103E9BFCB}.Debug|GGP.ActiveCfg = Debug|GGP
		{CE7E0C2D-3FFE-3942-6E10-C93103E9BFCB}.Debug|GGP.Build.0 = Debug|GGP
		{CE7E0C2D-3FFE-3942-6E10-C93103E9BFCB}.Profile_EnableAsserts|GGP.ActiveCfg = Profile_EnableAsserts|GGP
		{CE7E0C2D-3FFE-3942-6E10-C93103E9BFCB}.Profile_EnableAsserts|GGP.Build.0 = Profile_EnableAsserts|GGP
		{CE7E0C2D-3FFE-3942-6E10-C93103E9BFCB}.Profile|GGP.ActiveCfg = Profile|GGP
		{CE7E0C2D-3FFE-3942-6E10-C93103E9BFCB}.Profile|GGP.Build.0 = Profile|GGP
		{CE7E0C2D-3FFE-3942-6E10-C93103E9BFCB}.Release|GGP.ActiveCfg = Release|GGP
		{CE7E0C2D-3FFE-3942-6E10-C93103E9BFCB}.Release|GGP.Build.0 = Release|GGP
		{54C06B48-4BFD-A1B8-B600-CC20B0F15672}.Debug|GGP.ActiveCfg = Debug|GGP
		{54C06B48-4BFD-A1B8-B600-CC20B0F15672}.Debug|GGP.Build.0 = Debug|GGP
		{54C06B48-4BFD-A1B8-B600-CC20B0F15672}.Profile_EnableAsserts|GGP.ActiveCfg = Profile_EnableAsserts|GGP
		{54C06B48-4BFD-A1B8-B600-CC20B0F15672}.Profile_EnableAsserts|GGP.Build.0 = Profile_EnableAsserts|GGP
		{54C06B48-4BFD-A1B8-B600-CC20B0F15672}.Profile|GGP.ActiveCfg = Profile|GGP
		{54C06B48-4BFD-A1B8-B600-CC20B0F15672}.Profile|GGP.Build.0 = Profile|GGP
		{54C06B48-4BFD-A1B8-B600-CC20B0F15672}.Release|GGP.ActiveCfg = Release|GGP
		{54C06B48-4BFD-A1B8-B600-CC20B0F15672}.Release|GGP.Build.0 = Release|GGP
		{B0E3F795-0271-B949-A1F0-8D267E1F0D5B}.Debug|GGP.ActiveCfg = Debug|GGP
		{B0E3F795-0271-B949-A1F0-8D267E1F0D5B}.Debug|GGP.Build.0 = Debug|GGP
		{B0E3F795-0271-B949-A1F0-8D267E1F0D5B}.Profile_EnableAsserts|GGP.ActiveCfg = Profile_EnableAsserts|GGP
		{B0E3F795-0271-B949-A1F0-8D267E1F0D5B}.Profile_EnableAsserts|GGP.Build.0 = Profile_EnableAsserts|GGP
		{B0E3F795-0271-B949-A1F0-8D267E1F0D5B}.Profile|GGP.ActiveCfg = Profile|GGP
		{B0E3F795-0271-B949-A1F0-8D267E1F0D5B}.Profile|GGP.Build.0 = Profile|GGP
		{B0E3F795-0271-B949-A1F0-8D267E1F0D5B}.Release|GGP.ActiveCfg = Release|GGP
		{B0E3F795-0271-B949-A1F0-8D267E1F0D5B}.Release|GGP.Build.0 = Release|GGP
		{4B9FE0A6-3F49-9411-30DE-FF794C108FC2}.Debug|GGP.ActiveCfg = Debug|GGP
		{4B9FE0A6-3F49-9411-30DE-FF794C108FC2}.Debug|GGP.Build.0 = Debug|GGP
		{4B9FE0A6-3F49-9411-30DE-FF794C108FC2}.Profile_EnableAsserts|GGP.ActiveCfg = Profile_EnableAsserts|GGP
		{4B9FE0A6-3F49-9411-30DE-FF794C108FC2}.Profile_EnableAsserts|GGP.Build.0 = Profile_EnableAsserts|GGP
		{4B9FE0A6-3F49-9411-30DE-FF794C108FC2}.Profile|GGP.ActiveCfg = Profile|GGP
		{4B9FE0A6-3F49-9411-30DE-FF794C108FC2}.Profile|GGP.Build.0 = Profile|GGP
		{4B9FE0A6-3F49-9411-30DE-FF794C108FC2}.Release|GGP.ActiveCfg = Release|GGP
		{4B9FE0A6-3F49-9411-30DE-FF794C108FC2}.Release|GGP.Build.0 = Release|GGP
		{06AECC12-8DEA-8F4D-0796-BD8A8283CB0A}.Debug|GGP.ActiveCfg = Debug|GGP
		{06AECC12-8DEA-8F4D-0796-BD8A8283CB0A}.Debug|GGP.Build.0 = Debug|GGP
		{06AECC12-8DEA-8F4D-0796-BD8A8283CB0A}.Profile_EnableAsserts|GGP.ActiveCfg = Profile_EnableAsserts|GGP
		{06AECC12-8DEA-8F4D-0796-BD8A8283CB0A}.Profile_EnableAsserts|GGP.Build.0 = Profile_EnableAsserts|GGP
		{06AECC12-8DEA-8F4D-0796-BD8A8283CB0A}.Profile|GGP.ActiveCfg = Profile|GGP
		{06AECC12-8DEA-8F4D-0796-BD8A8283CB0A}.Profile|GGP.Build.0 = Profile|GGP
		{06AECC12-8DEA-8F4D-0796-BD8A8283CB0A}.Release|GGP.ActiveCfg = Release|GGP
		{06AECC12-8DEA-8F4D-0796-BD8A8283CB0A}.Release|GGP.Build.0 = Release|GGP
		{A7A60977-5E81-1051-503A-16A28B26F38C}.Debug|GGP.ActiveCfg = Debug|GGP
		{A7A60977-5E81-1051-503A-16A28B26F38C}.Debug|GGP.Build.0 = Debug|GGP
		{A7A60977-5E81-1051-503A-16A28B26F38C}.Profile_EnableAsserts|GGP.ActiveCfg = Profile_EnableAsserts|GGP
		{A7A60977-5E81-1051-503A-16A28B26F38C}.Profile_EnableAsserts|GGP.Build.0 = Profile_EnableAsserts|GGP
		{A7A60977-5E81-1051-503A-16A28B26F38C}.Profile|GGP.ActiveCfg = Profile|GGP
		{A7A60977-5E81-1051-503A-16A28B26F38C}.Profile|GGP.Build.0 = Profile|GGP
		{A7A60977-5E81-1051-503A-16A28B26F38C}.Release|GGP.ActiveCfg = Release|GGP
		{A7A60977-5E81-1051-503A-16A28B26F38C}.Release|GGP.Build.0 = Release|GGP
		{12C9E879-A26C-F9C7-5E1D-56B899DAA732}.Debug|GGP.ActiveCfg = Debug|GGP
		{12C9E879-A26C-F9C7-5E1D-56B899DAA732}.Debug|GGP.Build.0 = Debug|GGP
		{12C9E879-A26C-F9C7-5E1D-56B899DAA732}.Profile_EnableAsserts|GGP.ActiveCfg = Profile_EnableAsserts|GGP
		{12C9E879-A26C-F9C7-5E1D-56B899DAA732}.Profile_EnableAsserts|GGP.Build.0 = Profile_EnableAsserts|GGP
		{12C9E879-A26C-F9C7-5E1D-56B899DAA732}.Profile|GGP.ActiveCfg = Profile|GGP
		{12C9E879-A26C-F9C7-5E1D-56B899DAA732}.Profile|GGP.Build.0 = Profile|GGP
		{12C9E879-A26C-F9C7-5E1D-56B899DAA732}.Release|GGP.ActiveCfg = Release|GGP
		{12C9E879-A26C-F9C7-5E1D-56B899DAA732}.Release|GGP.Build.0 = Release|GGP
		{91BABF3A-05F5-8BBF-9137-94229B1DFCA6}.Debug|GGP.ActiveCfg = Debug|GGP
		{91BABF3A-05F5-8BBF-9137-94229B1DFCA6}.Debug|GGP.Build.0 = Debug|GGP
		{91BABF3A-05F5-8BBF-9137-94229B1DFCA6}.Profile_EnableAsserts|GGP.ActiveCfg = Profile_EnableAsserts|GGP
		{91BABF3A-05F5-8BBF-9137-94229B1DFCA6}.Profile_EnableAsserts|GGP.Build.0 = Profile_EnableAsserts|GGP
		{91BABF3A-05F5-8BBF-9137-94229B1DFCA6}.Profile|GGP.ActiveCfg = Profile|GGP
		{91BABF3A-05F5-8BBF-9137-94229B1DFCA6}.Profile|GGP.Build.0 = Profile|GGP
		{91BABF3A-05F5-8BBF-9137-94229B1DFCA6}.Release|GGP.ActiveCfg = Release|GGP
		{91BABF3A-05F5-8BBF-9137-94229B1DFCA6}.Release|GGP.Build.0 = Release|GGP
		{06119DFE-4E7C-079A-950A-575B33E7556A}.Debug|GGP.ActiveCfg = Debug|GGP
		{06119DFE-4E7C-079A-950A-575B33E7556A}.Debug|GGP.Build.0 = Debug|GGP
		{06119DFE-4E7C-079A-950A-575B33E7556A}.Profile_EnableAsserts|GGP.ActiveCfg = Profile_EnableAsserts|GGP
		{06119DFE-4E7C-079A-950A-575B33E7556A}.Profile_EnableAsserts|GGP.Build.0 = Profile_EnableAsserts|GGP
		{06119DFE-4E7C-079A-950A-575B33E7556A}.Profile|GGP.ActiveCfg = Profile|GGP
		{06119DFE-4E7C-079A-950A-575B33E7556A}.Profile|GGP.Build.0 = Profile|GGP
		{06119DFE-4E7C-079A-950A-575B33E7556A}.Release|GGP.ActiveCfg = Release|GGP
		{06119DFE-4E7C-079A-950A-575B33E7556A}.Release|GGP.Build.0 = Release|GGP
		{358B9A00-3BD8-EA8A-66E7-EBFB3C8AA739}.Debug|GGP.ActiveCfg = Debug|GGP
		{358B9A00-3BD8-EA8A-66E7-EBFB3C8AA739}.Debug|GGP.Build.0 = Debug|GGP
		{358B9A00-3BD8-EA8A-66E7-EBFB3C8AA739}.Profile_EnableAsserts|GGP.ActiveCfg = Profile_EnableAsserts|GGP
		{358B9A00-3BD8-EA8A-66E7-EBFB3C8AA739}.Profile_EnableAsserts|GGP.Build.0 = Profile_EnableAsserts|GGP
		{358B9A00-3BD8-EA8A-66E7-EBFB3C8AA739}.Profile|GGP.ActiveCfg = Profile|GGP
		{358B9A00-3BD8-EA8A-66E7-EBFB3C8AA739}.Profile|GGP.Build.0 = Profile|GGP
		{358B9A00-3BD8-EA8A-66E7-EBFB3C8AA739}.Release|GGP.ActiveCfg = Release|GGP
		{358B9A00-3BD8-EA8A-66E7-EBFB3C8AA739}.Release|GGP.Build.0 = Release|GGP
		{C3D368F5-C1CC-6A4C-0996-7569331A2DD8}.Debug|GGP.ActiveCfg = Debug|GGP
		{C3D368F5-C1CC-6A4C-0996-7569331A2DD8}.Debug|GGP.Build.0 = Debug|GGP
		{C3D368F5-C1CC-6A4C-0996-7569331A2DD8}.Profile_EnableAsserts|GGP.ActiveCfg = Profile_EnableAsserts|GGP
		{C3D368F5-C1CC-6A4C-0996-7569331A2DD8}.Profile_EnableAsserts|GGP.Build.0 = Profile_EnableAsserts|GGP
		{C3D368F5-C1CC-6A4C-0996-7569331A2DD8}.Profile|GGP.ActiveCfg = Profile|GGP
		{C3D368F5-C1CC-6A4C-0996-7569331A2DD8}.Profile|GGP.Build.0 = Profile|GGP
		{C3D368F5-C1CC-6A4C-0996-7569331A2DD8}.Release|GGP.ActiveCfg = Release|GGP
		{C3D368F5-C1CC-6A4C-0996-7569331A2DD8}.Release|GGP.Build.0 = Release|GGP
		{064A4D76-B8EF-D8EE-EEFD-745F41F17A31}.Debug|GGP.ActiveCfg = Debug|GGP
		{064A4D76-B8EF-D8EE-EEFD-745F41F17A31}.Debug|GGP.Build.0 = Debug|GGP
		{064A4D76-B8EF-D8EE-EEFD-745F41F17A31}.Profile_EnableAsserts|GGP.ActiveCfg = Profile_EnableAsserts|GGP
		{064A4D76-B8EF-D8EE-EEFD-745F41F17A31}.Profile_EnableAsserts|GGP.Build.0 = Profile_EnableAsserts|GGP
		{064A4D76-B8EF-D8EE-EEFD-745F41F17A31}.Profile|GGP.ActiveCfg = Profile|GGP
		{064A4D76-B8EF-D8EE-EEFD-745F41F17A31}.Profile|GGP.Build.0 = Profile|GGP
		{064A4D76-B8EF-D8EE-EEFD-745F41F17A31}.Release|GGP.ActiveCfg = Release|GGP
		{064A4D76-B8EF-D8EE-EEFD-745F41F17A31}.Release|GGP.Build.0 = Release|GGP
		{7158C2F6-75EE-FEF2-6C18-31FD6BC8D61A}.Debug|GGP.ActiveCfg = Debug|GGP
		{7158C2F6-75EE-FEF2-6C18-31FD6BC8D61A}.Debug|GGP.Build.0 = Debug|GGP
		{7158C2F6-75EE-FEF2-6C18-31FD6BC8D61A}.Profile_EnableAsserts|GGP.ActiveCfg = Profile_EnableAsserts|GGP
		{7158C2F6-75EE-FEF2-6C18-31FD6BC8D61A}.Profile_EnableAsserts|GGP.Build.0 = Profile_EnableAsserts|GGP
		{7158C2F6-75EE-FEF2-6C18-31FD6BC8D61A}.Profile|GGP.ActiveCfg = Profile|GGP
		{7158C2F6-75EE-FEF2-6C18-31FD6BC8D61A}.Profile|GGP.Build.0 = Profile|GGP
		{7158C2F6-75EE-FEF2-6C18-31FD6BC8D61A}.Release|GGP.ActiveCfg = Release|GGP
		{7158C2F6-75EE-FEF2-6C18-31FD6BC8D61A}.Release|GGP.Build.0 = Release|GGP
	EndGlobalSection
	GlobalSection(SolutionProperties) = preSolution
		HideSolutionNode = FALSE
	EndGlobalSection
	GlobalSection(NestedProjects) = preSolution
		{92E83644-6316-9D57-3626-FC67057246A0} = {118C63B7-7D99-919D-0680-8D88728C5D54}
		{3B283EA1-502C-475C-7CBE-D4439489E843} = {5339CA5D-3FF1-0BAB-A8F8-E40694CFA69B}
		{1DFD763D-8969-3238-525D-CA95BE8854A0} = {6EEF9964-DAAF-159B-A3EA-5E180F6A5A77}
		{3C7A3795-2091-0071-C754-D5C3D6B71E32} = {1DFD763D-8969-3238-525D-CA95BE8854A0}
		{2449E6A6-19AC-AD16-A85E-3E8AC2EE69BA} = {1DFD763D-8969-3238-525D-CA95BE8854A0}
		{69226135-2E76-CC70-1159-86CFBA3A08A5} = {1DFD763D-8969-3238-525D-CA95BE8854A0}
		{1B65386C-B55B-8EC0-8643-89A21ACCD11A} = {1DFD763D-8969-3238-525D-CA95BE8854A0}
		{6D2086FC-F30B-1CC8-C73B-9CE528C8B5BE} = {1DFD763D-8969-3238-525D-CA95BE8854A0}
		{B3C5049A-357F-77F2-33D3-7C0CDC31FB26} = {1DFD763D-8969-3238-525D-CA95BE8854A0}
		{084F9999-A23F-5A75-223A-2A5E90FD27D1} = {1DFD763D-8969-3238-525D-CA95BE8854A0}
		{B43A209F-A9AD-71D8-D3DC-126257EEEA17} = {1DFD763D-8969-3238-525D-CA95BE8854A0}
		{09979DC9-B583-817A-6D01-1C6C839349D2} = {1DFD763D-8969-3238-525D-CA95BE8854A0}
		{BE0E04B7-28CA-AAA4-9729-3BD94BC00959} = {1DFD763D-8969-3238-525D-CA95BE8854A0}
		{CE7E0C2D-3FFE-3942-6E10-C93103E9BFCB} = {1DFD763D-8969-3238-525D-CA95BE8854A0}
		{54C06B48-4BFD-A1B8-B600-CC20B0F15672} = {1DFD763D-8969-3238-525D-CA95BE8854A0}
		{B0E3F795-0271-B949-A1F0-8D267E1F0D5B} = {1DFD763D-8969-3238-525D-CA95BE8854A0}
		{4B9FE0A6-3F49-9411-30DE-FF794C108FC2} = {1DFD763D-8969-3238-525D-CA95BE8854A0}
		{06AECC12-8DEA-8F4D-0796-BD8A8283CB0A} = {1DFD763D-8969-3238-525D-CA95BE8854A0}
		{A7A60977-5E81-1051-503A-16A28B26F38C} = {1DFD763D-8969-3238-525D-CA95BE8854A0}
		{12C9E879-A26C-F9C7-5E1D-56B899DAA732} = {1DFD763D-8969-3238-525D-CA95BE8854A0}
		{E14B3B89-4DB8-F683-16AC-8EE182D718EC} = {6EEF9964-DAAF-159B-A3EA-5E180F6A5A77}
		{91BABF3A-05F5-8BBF-9137-94229B1DFCA6} = {E14B3B89-4DB8-F683-16AC-8EE182D718EC}
		{06119DFE-4E7C-079A-950A-575B33E7556A} = {E14B3B89-4DB8-F683-16AC-8EE182D718EC}
		{358B9A00-3BD8-EA8A-66E7-EBFB3C8AA739} = {E14B3B89-4DB8-F683-16AC-8EE182D718EC}
		{C3D368F5-C1CC-6A4C-0996-7569331A2DD8} = {E14B3B89-4DB8-F683-16AC-8EE182D718EC}
		{064A4D76-B8EF-D8EE-EEFD-745F41F17A31} = {E14B3B89-4DB8-F683-16AC-8EE182D718EC}
		{7158C2F6-75EE-FEF2-6C18-31FD6BC8D61A} = {81FE7D09-6D61-0DAE-16E7-45640229D930}
	EndGlobalSection
EndGlobal
