
Microsoft Visual Studio Solution File, Format Version 12.00
# Visual Studio 16
Project("{8BC9CEB8-8B4A-11D0-8D11-00A0C91BC942}") = "AkMemoryMgr", "AkMemoryMgr\PS4\AkMemoryMgrPS4_vc160.vcxproj", "{97F7A00F-FF5E-B71C-ECA0-3DFEB8FFAEC9}"
EndProject
Project("{8BC9CEB8-8B4A-11D0-8D11-00A0C91BC942}") = "AkMusicEngine", "AkMusicEngine\PS4\AkMusicEnginePS4_vc160.vcxproj", "{68D6A022-82D3-89CA-9A09-81A9DE0F728F}"
EndProject
Project("{8BC9CEB8-8B4A-11D0-8D11-00A0C91BC942}") = "AkSoundEngine", "AkAudiolib\PS4\AkSoundEnginePS4_vc160.vcxproj", "{CF45BA25-4C2C-64C1-A59C-5A78C8C944EC}"
EndProject
Project("{8BC9CEB8-8B4A-11D0-8D11-00A0C91BC942}") = "AkSpatialAudio", "..\SpatialAudio\PS4\AkSpatialAudioPS4_vc160.vcxproj", "{5F78C57C-A216-BA21-89A2-9551B1F39B00}"
EndProject
Project("{8BC9CEB8-8B4A-11D0-8D11-00A0C91BC942}") = "AkStreamMgr", "..\StreamManager\PS4\AkStreamMgrPS4_vc160.vcxproj", "{DDB07D71-BB6A-FB11-A8E0-DE93618F8F64}"
EndProject
Project("{2150E333-8FDC-42A3-9474-1A3956D46DE8}") = "Communication - Proxy", "Communication - Proxy", "{118C63B7-7D99-919D-0680-8D88728C5D54}"
EndProject
Project("{8BC9CEB8-8B4A-11D0-8D11-00A0C91BC942}") = "CommunicationCentral", "Communication\Remote\PS4\CommunicationCentralPS4_vc160.vcxproj", "{D655309C-6F45-C30A-7231-942FBF41CC33}"
EndProject
Project("{2150E333-8FDC-42A3-9474-1A3956D46DE8}") = "Opus", "Opus", "{5339CA5D-3FF1-0BAB-A8F8-E40694CFA69B}"
EndProject
Project("{8BC9CEB8-8B4A-11D0-8D11-00A0C91BC942}") = "AkOpusDecoder", "Codecs\AkOpusDecoder\PS4\AkOpusDecoderPS4_vc160.vcxproj", "{C7139DA0-588E-BE38-CB2F-BD5FC949C982}"
EndProject
Project("{2150E333-8FDC-42A3-9474-1A3956D46DE8}") = "Plugins", "Plugins", "{6EEF9964-DAAF-159B-A3EA-5E180F6A5A77}"
EndProject
Project("{2150E333-8FDC-42A3-9474-1A3956D46DE8}") = "Effects", "Effects", "{1DFD763D-8969-3238-525D-CA95BE8854A0}"
EndProject
Project("{8BC9CEB8-8B4A-11D0-8D11-00A0C91BC942}") = "AkCompressorFX", "Plugins\Effects\AkCompressor\PS4\AkCompressorFXPS4_vc160.vcxproj", "{260B91EA-9D7E-E9B7-22F3-A2910F38153A}"
EndProject
Project("{8BC9CEB8-8B4A-11D0-8D11-00A0C91BC942}") = "AkDelayFX", "..\..\samples\Plugins\AkDelay\Sources\AudioEngineFX\PS4\AkDelayFXPS4_vc160.vcxproj", "{D5B96858-5624-BD35-8580-4D275614AA4B}"
EndProject
Project("{8BC9CEB8-8B4A-11D0-8D11-00A0C91BC942}") = "AkExpanderFX", "Plugins\Effects\AkExpander\PS4\AkExpanderFXPS4_vc160.vcxproj", "{F4C3420B-9282-FBDE-2663-35C281E44C5F}"
EndProject
Project("{8BC9CEB8-8B4A-11D0-8D11-00A0C91BC942}") = "AkFlangerFX", "Plugins\Effects\AkFlanger\PS4\AkFlangerFXPS4_vc160.vcxproj", "{3BA36592-C695-82BE-12A3-88B9063F532C}"
EndProject
Project("{8BC9CEB8-8B4A-11D0-8D11-00A0C91BC942}") = "AkGainFX", "Plugins\Effects\AkGain\PS4\AkGainFXPS4_vc160.vcxproj", "{891F06E1-6D30-07E0-6312-6DF0B30D914A}"
EndProject
Project("{8BC9CEB8-8B4A-11D0-8D11-00A0C91BC942}") = "AkGuitarDistortionFX", "Plugins\Effects\AkGuitarDistortion\PS4\AkGuitarDistortionFXPS4_vc160.vcxproj", "{C0F54910-918C-C42D-7A33-8D47A263CC2B}"
EndProject
Project("{8BC9CEB8-8B4A-11D0-8D11-00A0C91BC942}") = "AkHarmonizerFX", "Plugins\Effects\AkHarmonizer\PS4\AkHarmonizerFXPS4_vc160.vcxproj", "{D7122317-3794-6DE4-4298-927F2392658C}"
EndProject
Project("{8BC9CEB8-8B4A-11D0-8D11-00A0C91BC942}") = "AkMatrixReverbFX", "Plugins\Effects\AkFDNReverb\PS4\AkMatrixReverbFXPS4_vc160.vcxproj", "{A065E5B1-FCA0-73BF-73BD-61E8009F8439}"
EndProject
Project("{8BC9CEB8-8B4A-11D0-8D11-00A0C91BC942}") = "AkMeterFX", "Plugins\Effects\AkMeter\PS4\AkMeterFXPS4_vc160.vcxproj", "{EC799DB8-A25B-5156-C399-222FF29295A0}"
EndProject
Project("{8BC9CEB8-8B4A-11D0-8D11-00A0C91BC942}") = "AkParametricEQFX", "Plugins\Effects\AkParametricEQ\PS4\AkParametricEQFXPS4_vc160.vcxproj", "{24726956-B077-99E3-8E7B-82163867C648}"
EndProject
Project("{8BC9CEB8-8B4A-11D0-8D11-00A0C91BC942}") = "AkPeakLimiterFX", "Plugins\Effects\AkPeakLimiter\PS4\AkPeakLimiterFXPS4_vc160.vcxproj", "{DA91DFE1-4FDC-1D5F-C3F5-1AAEAC12A52D}"
EndProject
Project("{8BC9CEB8-8B4A-11D0-8D11-00A0C91BC942}") = "AkPitchShifterFX", "Plugins\Effects\AkPitchShifter\PS4\AkPitchShifterFXPS4_vc160.vcxproj", "{98CF4346-A613-F5C2-57BD-5233FB7579B7}"
EndProject
Project("{8BC9CEB8-8B4A-11D0-8D11-00A0C91BC942}") = "AkRecorderFX", "Plugins\Effects\AkRecorder\PS4\AkRecorderFXPS4_vc160.vcxproj", "{E623E922-DC23-7EE5-3588-0DE25C99E876}"
EndProject
Project("{8BC9CEB8-8B4A-11D0-8D11-00A0C91BC942}") = "AkRoomVerbFX", "Plugins\Effects\AkRoomVerb\PS4\AkRoomVerbFXPS4_vc160.vcxproj", "{1A982852-E7E6-B087-003B-AF995EC9FC74}"
EndProject
Project("{8BC9CEB8-8B4A-11D0-8D11-00A0C91BC942}") = "AkStereoDelayFX", "Plugins\Effects\AkStereoDelay\PS4\AkStereoDelayFXPS4_vc160.vcxproj", "{CF7F2CA9-D866-5AEF-65E7-BBBC8D224B8D}"
EndProject
Project("{8BC9CEB8-8B4A-11D0-8D11-00A0C91BC942}") = "AkTimeStretchFX", "Plugins\Effects\AkTimeStretch\PS4\AkTimeStretchFXPS4_vc160.vcxproj", "{82E09D3D-8521-B64B-EC27-2CE868C9947C}"
EndProject
Project("{8BC9CEB8-8B4A-11D0-8D11-00A0C91BC942}") = "AkTremoloFX", "Plugins\Effects\AkTremolo\PS4\AkTremoloFXPS4_vc160.vcxproj", "{6E5E51D4-6A24-AFE5-A34C-D19EC0132552}"
EndProject
Project("{2150E333-8FDC-42A3-9474-1A3956D46DE8}") = "Sources", "Sources", "{E14B3B89-4DB8-F683-16AC-8EE182D718EC}"
EndProject
Project("{8BC9CEB8-8B4A-11D0-8D11-00A0C91BC942}") = "AkAudioInputSource", "..\..\samples\Plugins\AkAudioInput\Sources\AudioEngineFX\PS4\AkAudioInputSourcePS4_vc160.vcxproj", "{C434D988-F12D-E01B-31CE-06FAE7C7C23E}"
EndProject
Project("{8BC9CEB8-8B4A-11D0-8D11-00A0C91BC942}") = "AkSilenceSource", "Plugins\Sources\AkSilenceSource\PS4\AkSilenceSourcePS4_vc160.vcxproj", "{21756F8B-6C7C-7907-CDE6-80CC4CF9A6FB}"
EndProject
Project("{8BC9CEB8-8B4A-11D0-8D11-00A0C91BC942}") = "AkSineSource", "..\..\samples\Plugins\AkSineTone\Sources\AudioEngineFX\PS4\AkSineSourcePS4_vc160.vcxproj", "{B780CD97-575E-7195-AC35-78C9A63D720B}"
EndProject
Project("{8BC9CEB8-8B4A-11D0-8D11-00A0C91BC942}") = "AkSynthOneSource", "Plugins\Sources\AkSynthOne\PS4\AkSynthOneSourcePS4_vc160.vcxproj", "{1F5DB24D-7455-3DE2-E36F-0E91C704B8A4}"
EndProject
Project("{8BC9CEB8-8B4A-11D0-8D11-00A0C91BC942}") = "AkToneSource", "..\..\samples\Plugins\AkToneGenerator\Sources\AudioEngineFX\PS4\AkToneSourcePS4_vc160.vcxproj", "{3AB1B278-4FA8-C51E-96E2-99261BA5416B}"
EndProject
Project("{2150E333-8FDC-42A3-9474-1A3956D46DE8}") = "Vorbis", "Vorbis", "{81FE7D09-6D61-0DAE-16E7-45640229D930}"
EndProject
Project("{8BC9CEB8-8B4A-11D0-8D11-00A0C91BC942}") = "AkVorbisDecoder", "Codecs\AkVorbisDecoder\PS4\AkVorbisDecoderPS4_vc160.vcxproj", "{EBE0CD67-43A8-69CD-AA4B-D4C2B3CA9964}"
EndProject
Global
	GlobalSection(SolutionConfigurationPlatforms) = preSolution
		Debug|ORBIS = Debug|ORBIS
		Profile_EnableAsserts|ORBIS = Profile_EnableAsserts|ORBIS
		Profile|ORBIS = Profile|ORBIS
		Release|ORBIS = Release|ORBIS
	EndGlobalSection
	GlobalSection(ProjectConfigurationPlatforms) = postSolution
		{97F7A00F-FF5E-B71C-ECA0-3DFEB8FFAEC9}.Debug|ORBIS.ActiveCfg = Debug|ORBIS
		{97F7A00F-FF5E-B71C-ECA0-3DFEB8FFAEC9}.Debug|ORBIS.Build.0 = Debug|ORBIS
		{97F7A00F-FF5E-B71C-ECA0-3DFEB8FFAEC9}.Profile_EnableAsserts|ORBIS.ActiveCfg = Profile_EnableAsserts|ORBIS
		{97F7A00F-FF5E-B71C-ECA0-3DFEB8FFAEC9}.Profile_EnableAsserts|ORBIS.Build.0 = Profile_EnableAsserts|ORBIS
		{97F7A00F-FF5E-B71C-ECA0-3DFEB8FFAEC9}.Profile|ORBIS.ActiveCfg = Profile|ORBIS
		{97F7A00F-FF5E-B71C-ECA0-3DFEB8FFAEC9}.Profile|ORBIS.Build.0 = Profile|ORBIS
		{97F7A00F-FF5E-B71C-ECA0-3DFEB8FFAEC9}.Release|ORBIS.ActiveCfg = Release|ORBIS
		{97F7A00F-FF5E-B71C-ECA0-3DFEB8FFAEC9}.Release|ORBIS.Build.0 = Release|ORBIS
		{68D6A022-82D3-89CA-9A09-81A9DE0F728F}.Debug|ORBIS.ActiveCfg = Debug|ORBIS
		{68D6A022-82D3-89CA-9A09-81A9DE0F728F}.Debug|ORBIS.Build.0 = Debug|ORBIS
		{68D6A022-82D3-89CA-9A09-81A9DE0F728F}.Profile_EnableAsserts|ORBIS.ActiveCfg = Profile_EnableAsserts|ORBIS
		{68D6A022-82D3-89CA-9A09-81A9DE0F728F}.Profile_EnableAsserts|ORBIS.Build.0 = Profile_EnableAsserts|ORBIS
		{68D6A022-82D3-89CA-9A09-81A9DE0F728F}.Profile|ORBIS.ActiveCfg = Profile|ORBIS
		{68D6A022-82D3-89CA-9A09-81A9DE0F728F}.Profile|ORBIS.Build.0 = Profile|ORBIS
		{68D6A022-82D3-89CA-9A09-81A9DE0F728F}.Release|ORBIS.ActiveCfg = Release|ORBIS
		{68D6A022-82D3-89CA-9A09-81A9DE0F728F}.Release|ORBIS.Build.0 = Release|ORBIS
		{CF45BA25-4C2C-64C1-A59C-5A78C8C944EC}.Debug|ORBIS.ActiveCfg = Debug|ORBIS
		{CF45BA25-4C2C-64C1-A59C-5A78C8C944EC}.Debug|ORBIS.Build.0 = Debug|ORBIS
		{CF45BA25-4C2C-64C1-A59C-5A78C8C944EC}.Profile_EnableAsserts|ORBIS.ActiveCfg = Profile_EnableAsserts|ORBIS
		{CF45BA25-4C2C-64C1-A59C-5A78C8C944EC}.Profile_EnableAsserts|ORBIS.Build.0 = Profile_EnableAsserts|ORBIS
		{CF45BA25-4C2C-64C1-A59C-5A78C8C944EC}.Profile|ORBIS.ActiveCfg = Profile|ORBIS
		{CF45BA25-4C2C-64C1-A59C-5A78C8C944EC}.Profile|ORBIS.Build.0 = Profile|ORBIS
		{CF45BA25-4C2C-64C1-A59C-5A78C8C944EC}.Release|ORBIS.ActiveCfg = Release|ORBIS
		{CF45BA25-4C2C-64C1-A59C-5A78C8C944EC}.Release|ORBIS.Build.0 = Release|ORBIS
		{5F78C57C-A216-BA21-89A2-9551B1F39B00}.Debug|ORBIS.ActiveCfg = Debug|ORBIS
		{5F78C57C-A216-BA21-89A2-9551B1F39B00}.Debug|ORBIS.Build.0 = Debug|ORBIS
		{5F78C57C-A216-BA21-89A2-9551B1F39B00}.Profile_EnableAsserts|ORBIS.ActiveCfg = Profile_EnableAsserts|ORBIS
		{5F78C57C-A216-BA21-89A2-9551B1F39B00}.Profile_EnableAsserts|ORBIS.Build.0 = Profile_EnableAsserts|ORBIS
		{5F78C57C-A216-BA21-89A2-9551B1F39B00}.Profile|ORBIS.ActiveCfg = Profile|ORBIS
		{5F78C57C-A216-BA21-89A2-9551B1F39B00}.Profile|ORBIS.Build.0 = Profile|ORBIS
		{5F78C57C-A216-BA21-89A2-9551B1F39B00}.Release|ORBIS.ActiveCfg = Release|ORBIS
		{5F78C57C-A216-BA21-89A2-9551B1F39B00}.Release|ORBIS.Build.0 = Release|ORBIS
		{DDB07D71-BB6A-FB11-A8E0-DE93618F8F64}.Debug|ORBIS.ActiveCfg = Debug|ORBIS
		{DDB07D71-BB6A-FB11-A8E0-DE93618F8F64}.Debug|ORBIS.Build.0 = Debug|ORBIS
		{DDB07D71-BB6A-FB11-A8E0-DE93618F8F64}.Profile_EnableAsserts|ORBIS.ActiveCfg = Profile_EnableAsserts|ORBIS
		{DDB07D71-BB6A-FB11-A8E0-DE93618F8F64}.Profile_EnableAsserts|ORBIS.Build.0 = Profile_EnableAsserts|ORBIS
		{DDB07D71-BB6A-FB11-A8E0-DE93618F8F64}.Profile|ORBIS.ActiveCfg = Profile|ORBIS
		{DDB07D71-BB6A-FB11-A8E0-DE93618F8F64}.Profile|ORBIS.Build.0 = Profile|ORBIS
		{DDB07D71-BB6A-FB11-A8E0-DE93618F8F64}.Release|ORBIS.ActiveCfg = Release|ORBIS
		{DDB07D71-BB6A-FB11-A8E0-DE93618F8F64}.Release|ORBIS.Build.0 = Release|ORBIS
		{D655309C-6F45-C30A-7231-942FBF41CC33}.Debug|ORBIS.ActiveCfg = Debug|ORBIS
		{D655309C-6F45-C30A-7231-942FBF41CC33}.Debug|ORBIS.Build.0 = Debug|ORBIS
		{D655309C-6F45-C30A-7231-942FBF41CC33}.Profile_EnableAsserts|ORBIS.ActiveCfg = Profile_EnableAsserts|ORBIS
		{D655309C-6F45-C30A-7231-942FBF41CC33}.Profile_EnableAsserts|ORBIS.Build.0 = Profile_EnableAsserts|ORBIS
		{D655309C-6F45-C30A-7231-942FBF41CC33}.Profile|ORBIS.ActiveCfg = Profile|ORBIS
		{D655309C-6F45-C30A-7231-942FBF41CC33}.Profile|ORBIS.Build.0 = Profile|ORBIS
		{D655309C-6F45-C30A-7231-942FBF41CC33}.Release|ORBIS.ActiveCfg = Release|ORBIS
		{C7139DA0-588E-BE38-CB2F-BD5FC949C982}.Debug|ORBIS.ActiveCfg = Debug|ORBIS
		{C7139DA0-588E-BE38-CB2F-BD5FC949C982}.Debug|ORBIS.Build.0 = Debug|ORBIS
		{C7139DA0-588E-BE38-CB2F-BD5FC949C982}.Profile_EnableAsserts|ORBIS.ActiveCfg = Profile_EnableAsserts|ORBIS
		{C7139DA0-588E-BE38-CB2F-BD5FC949C982}.Profile_EnableAsserts|ORBIS.Build.0 = Profile_EnableAsserts|ORBIS
		{C7139DA0-588E-BE38-CB2F-BD5FC949C982}.Profile|ORBIS.ActiveCfg = Profile|ORBIS
		{C7139DA0-588E-BE38-CB2F-BD5FC949C982}.Profile|ORBIS.Build.0 = Profile|ORBIS
		{C7139DA0-588E-BE38-CB2F-BD5FC949C982}.Release|ORBIS.ActiveCfg = Release|ORBIS
		{C7139DA0-588E-BE38-CB2F-BD5FC949C982}.Release|ORBIS.Build.0 = Release|ORBIS
		{260B91EA-9D7E-E9B7-22F3-A2910F38153A}.Debug|ORBIS.ActiveCfg = Debug|ORBIS
		{260B91EA-9D7E-E9B7-22F3-A2910F38153A}.Debug|ORBIS.Build.0 = Debug|ORBIS
		{260B91EA-9D7E-E9B7-22F3-A2910F38153A}.Profile_EnableAsserts|ORBIS.ActiveCfg = Profile_EnableAsserts|ORBIS
		{260B91EA-9D7E-E9B7-22F3-A2910F38153A}.Profile_EnableAsserts|ORBIS.Build.0 = Profile_EnableAsserts|ORBIS
		{260B91EA-9D7E-E9B7-22F3-A2910F38153A}.Profile|ORBIS.ActiveCfg = Profile|ORBIS
		{260B91EA-9D7E-E9B7-22F3-A2910F38153A}.Profile|ORBIS.Build.0 = Profile|ORBIS
		{260B91EA-9D7E-E9B7-22F3-A2910F38153A}.Release|ORBIS.ActiveCfg = Release|ORBIS
		{260B91EA-9D7E-E9B7-22F3-A2910F38153A}.Release|ORBIS.Build.0 = Release|ORBIS
		{D5B96858-5624-BD35-8580-4D275614AA4B}.Debug|ORBIS.ActiveCfg = Debug|ORBIS
		{D5B96858-5624-BD35-8580-4D275614AA4B}.Debug|ORBIS.Build.0 = Debug|ORBIS
		{D5B96858-5624-BD35-8580-4D275614AA4B}.Profile_EnableAsserts|ORBIS.ActiveCfg = Profile_EnableAsserts|ORBIS
		{D5B96858-5624-BD35-8580-4D275614AA4B}.Profile_EnableAsserts|ORBIS.Build.0 = Profile_EnableAsserts|ORBIS
		{D5B96858-5624-BD35-8580-4D275614AA4B}.Profile|ORBIS.ActiveCfg = Profile|ORBIS
		{D5B96858-5624-BD35-8580-4D275614AA4B}.Profile|ORBIS.Build.0 = Profile|ORBIS
		{D5B96858-5624-BD35-8580-4D275614AA4B}.Release|ORBIS.ActiveCfg = Release|ORBIS
		{D5B96858-5624-BD35-8580-4D275614AA4B}.Release|ORBIS.Build.0 = Release|ORBIS
		{F4C3420B-9282-FBDE-2663-35C281E44C5F}.Debug|ORBIS.ActiveCfg = Debug|ORBIS
		{F4C3420B-9282-FBDE-2663-35C281E44C5F}.Debug|ORBIS.Build.0 = Debug|ORBIS
		{F4C3420B-9282-FBDE-2663-35C281E44C5F}.Profile_EnableAsserts|ORBIS.ActiveCfg = Profile_EnableAsserts|ORBIS
		{F4C3420B-9282-FBDE-2663-35C281E44C5F}.Profile_EnableAsserts|ORBIS.Build.0 = Profile_EnableAsserts|ORBIS
		{F4C3420B-9282-FBDE-2663-35C281E44C5F}.Profile|ORBIS.ActiveCfg = Profile|ORBIS
		{F4C3420B-9282-FBDE-2663-35C281E44C5F}.Profile|ORBIS.Build.0 = Profile|ORBIS
		{F4C3420B-9282-FBDE-2663-35C281E44C5F}.Release|ORBIS.ActiveCfg = Release|ORBIS
		{F4C3420B-9282-FBDE-2663-35C281E44C5F}.Release|ORBIS.Build.0 = Release|ORBIS
		{3BA36592-C695-82BE-12A3-88B9063F532C}.Debug|ORBIS.ActiveCfg = Debug|ORBIS
		{3BA36592-C695-82BE-12A3-88B9063F532C}.Debug|ORBIS.Build.0 = Debug|ORBIS
		{3BA36592-C695-82BE-12A3-88B9063F532C}.Profile_EnableAsserts|ORBIS.ActiveCfg = Profile_EnableAsserts|ORBIS
		{3BA36592-C695-82BE-12A3-88B9063F532C}.Profile_EnableAsserts|ORBIS.Build.0 = Profile_EnableAsserts|ORBIS
		{3BA36592-C695-82BE-12A3-88B9063F532C}.Profile|ORBIS.ActiveCfg = Profile|ORBIS
		{3BA36592-C695-82BE-12A3-88B9063F532C}.Profile|ORBIS.Build.0 = Profile|ORBIS
		{3BA36592-C695-82BE-12A3-88B9063F532C}.Release|ORBIS.ActiveCfg = Release|ORBIS
		{3BA36592-C695-82BE-12A3-88B9063F532C}.Release|ORBIS.Build.0 = Release|ORBIS
		{891F06E1-6D30-07E0-6312-6DF0B30D914A}.Debug|ORBIS.ActiveCfg = Debug|ORBIS
		{891F06E1-6D30-07E0-6312-6DF0B30D914A}.Debug|ORBIS.Build.0 = Debug|ORBIS
		{891F06E1-6D30-07E0-6312-6DF0B30D914A}.Profile_EnableAsserts|ORBIS.ActiveCfg = Profile_EnableAsserts|ORBIS
		{891F06E1-6D30-07E0-6312-6DF0B30D914A}.Profile_EnableAsserts|ORBIS.Build.0 = Profile_EnableAsserts|ORBIS
		{891F06E1-6D30-07E0-6312-6DF0B30D914A}.Profile|ORBIS.ActiveCfg = Profile|ORBIS
		{891F06E1-6D30-07E0-6312-6DF0B30D914A}.Profile|ORBIS.Build.0 = Profile|ORBIS
		{891F06E1-6D30-07E0-6312-6DF0B30D914A}.Release|ORBIS.ActiveCfg = Release|ORBIS
		{891F06E1-6D30-07E0-6312-6DF0B30D914A}.Release|ORBIS.Build.0 = Release|ORBIS
		{C0F54910-918C-C42D-7A33-8D47A263CC2B}.Debug|ORBIS.ActiveCfg = Debug|ORBIS
		{C0F54910-918C-C42D-7A33-8D47A263CC2B}.Debug|ORBIS.Build.0 = Debug|ORBIS
		{C0F54910-918C-C42D-7A33-8D47A263CC2B}.Profile_EnableAsserts|ORBIS.ActiveCfg = Profile_EnableAsserts|ORBIS
		{C0F54910-918C-C42D-7A33-8D47A263CC2B}.Profile_EnableAsserts|ORBIS.Build.0 = Profile_EnableAsserts|ORBIS
		{C0F54910-918C-C42D-7A33-8D47A263CC2B}.Profile|ORBIS.ActiveCfg = Profile|ORBIS
		{C0F54910-918C-C42D-7A33-8D47A263CC2B}.Profile|ORBIS.Build.0 = Profile|ORBIS
		{C0F54910-918C-C42D-7A33-8D47A263CC2B}.Release|ORBIS.ActiveCfg = Release|ORBIS
		{C0F54910-918C-C42D-7A33-8D47A263CC2B}.Release|ORBIS.Build.0 = Release|ORBIS
		{D7122317-3794-6DE4-4298-927F2392658C}.Debug|ORBIS.ActiveCfg = Debug|ORBIS
		{D7122317-3794-6DE4-4298-927F2392658C}.Debug|ORBIS.Build.0 = Debug|ORBIS
		{D7122317-3794-6DE4-4298-927F2392658C}.Profile_EnableAsserts|ORBIS.ActiveCfg = Profile_EnableAsserts|ORBIS
		{D7122317-3794-6DE4-4298-927F2392658C}.Profile_EnableAsserts|ORBIS.Build.0 = Profile_EnableAsserts|ORBIS
		{D7122317-3794-6DE4-4298-927F2392658C}.Profile|ORBIS.ActiveCfg = Profile|ORBIS
		{D7122317-3794-6DE4-4298-927F2392658C}.Profile|ORBIS.Build.0 = Profile|ORBIS
		{D7122317-3794-6DE4-4298-927F2392658C}.Release|ORBIS.ActiveCfg = Release|ORBIS
		{D7122317-3794-6DE4-4298-927F2392658C}.Release|ORBIS.Build.0 = Release|ORBIS
		{A065E5B1-FCA0-73BF-73BD-61E8009F8439}.Debug|ORBIS.ActiveCfg = Debug|ORBIS
		{A065E5B1-FCA0-73BF-73BD-61E8009F8439}.Debug|ORBIS.Build.0 = Debug|ORBIS
		{A065E5B1-FCA0-73BF-73BD-61E8009F8439}.Profile_EnableAsserts|ORBIS.ActiveCfg = Profile_EnableAsserts|ORBIS
		{A065E5B1-FCA0-73BF-73BD-61E8009F8439}.Profile_EnableAsserts|ORBIS.Build.0 = Profile_EnableAsserts|ORBIS
		{A065E5B1-FCA0-73BF-73BD-61E8009F8439}.Profile|ORBIS.ActiveCfg = Profile|ORBIS
		{A065E5B1-FCA0-73BF-73BD-61E8009F8439}.Profile|ORBIS.Build.0 = Profile|ORBIS
		{A065E5B1-FCA0-73BF-73BD-61E8009F8439}.Release|ORBIS.ActiveCfg = Release|ORBIS
		{A065E5B1-FCA0-73BF-73BD-61E8009F8439}.Release|ORBIS.Build.0 = Release|ORBIS
		{EC799DB8-A25B-5156-C399-222FF29295A0}.Debug|ORBIS.ActiveCfg = Debug|ORBIS
		{EC799DB8-A25B-5156-C399-222FF29295A0}.Debug|ORBIS.Build.0 = Debug|ORBIS
		{EC799DB8-A25B-5156-C399-222FF29295A0}.Profile_EnableAsserts|ORBIS.ActiveCfg = Profile_EnableAsserts|ORBIS
		{EC799DB8-A25B-5156-C399-222FF29295A0}.Profile_EnableAsserts|ORBIS.Build.0 = Profile_EnableAsserts|ORBIS
		{EC799DB8-A25B-5156-C399-222FF29295A0}.Profile|ORBIS.ActiveCfg = Profile|ORBIS
		{EC799DB8-A25B-5156-C399-222FF29295A0}.Profile|ORBIS.Build.0 = Profile|ORBIS
		{EC799DB8-A25B-5156-C399-222FF29295A0}.Release|ORBIS.ActiveCfg = Release|ORBIS
		{EC799DB8-A25B-5156-C399-222FF29295A0}.Release|ORBIS.Build.0 = Release|ORBIS
		{24726956-B077-99E3-8E7B-82163867C648}.Debug|ORBIS.ActiveCfg = Debug|ORBIS
		{24726956-B077-99E3-8E7B-82163867C648}.Debug|ORBIS.Build.0 = Debug|ORBIS
		{24726956-B077-99E3-8E7B-82163867C648}.Profile_EnableAsserts|ORBIS.ActiveCfg = Profile_EnableAsserts|ORBIS
		{24726956-B077-99E3-8E7B-82163867C648}.Profile_EnableAsserts|ORBIS.Build.0 = Profile_EnableAsserts|ORBIS
		{24726956-B077-99E3-8E7B-82163867C648}.Profile|ORBIS.ActiveCfg = Profile|ORBIS
		{24726956-B077-99E3-8E7B-82163867C648}.Profile|ORBIS.Build.0 = Profile|ORBIS
		{24726956-B077-99E3-8E7B-82163867C648}.Release|ORBIS.ActiveCfg = Release|ORBIS
		{24726956-B077-99E3-8E7B-82163867C648}.Release|ORBIS.Build.0 = Release|ORBIS
		{DA91DFE1-4FDC-1D5F-C3F5-1AAEAC12A52D}.Debug|ORBIS.ActiveCfg = Debug|ORBIS
		{DA91DFE1-4FDC-1D5F-C3F5-1AAEAC12A52D}.Debug|ORBIS.Build.0 = Debug|ORBIS
		{DA91DFE1-4FDC-1D5F-C3F5-1AAEAC12A52D}.Profile_EnableAsserts|ORBIS.ActiveCfg = Profile_EnableAsserts|ORBIS
		{DA91DFE1-4FDC-1D5F-C3F5-1AAEAC12A52D}.Profile_EnableAsserts|ORBIS.Build.0 = Profile_EnableAsserts|ORBIS
		{DA91DFE1-4FDC-1D5F-C3F5-1AAEAC12A52D}.Profile|ORBIS.ActiveCfg = Profile|ORBIS
		{DA91DFE1-4FDC-1D5F-C3F5-1AAEAC12A52D}.Profile|ORBIS.Build.0 = Profile|ORBIS
		{DA91DFE1-4FDC-1D5F-C3F5-1AAEAC12A52D}.Release|ORBIS.ActiveCfg = Release|ORBIS
		{DA91DFE1-4FDC-1D5F-C3F5-1AAEAC12A52D}.Release|ORBIS.Build.0 = Release|ORBIS
		{98CF4346-A613-F5C2-57BD-5233FB7579B7}.Debug|ORBIS.ActiveCfg = Debug|ORBIS
		{98CF4346-A613-F5C2-57BD-5233FB7579B7}.Debug|ORBIS.Build.0 = Debug|ORBIS
		{98CF4346-A613-F5C2-57BD-5233FB7579B7}.Profile_EnableAsserts|ORBIS.ActiveCfg = Profile_EnableAsserts|ORBIS
		{98CF4346-A613-F5C2-57BD-5233FB7579B7}.Profile_EnableAsserts|ORBIS.Build.0 = Profile_EnableAsserts|ORBIS
		{98CF4346-A613-F5C2-57BD-5233FB7579B7}.Profile|ORBIS.ActiveCfg = Profile|ORBIS
		{98CF4346-A613-F5C2-57BD-5233FB7579B7}.Profile|ORBIS.Build.0 = Profile|ORBIS
		{98CF4346-A613-F5C2-57BD-5233FB7579B7}.Release|ORBIS.ActiveCfg = Release|ORBIS
		{98CF4346-A613-F5C2-57BD-5233FB7579B7}.Release|ORBIS.Build.0 = Release|ORBIS
		{E623E922-DC23-7EE5-3588-0DE25C99E876}.Debug|ORBIS.ActiveCfg = Debug|ORBIS
		{E623E922-DC23-7EE5-3588-0DE25C99E876}.Debug|ORBIS.Build.0 = Debug|ORBIS
		{E623E922-DC23-7EE5-3588-0DE25C99E876}.Profile_EnableAsserts|ORBIS.ActiveCfg = Profile_EnableAsserts|ORBIS
		{E623E922-DC23-7EE5-3588-0DE25C99E876}.Profile_EnableAsserts|ORBIS.Build.0 = Profile_EnableAsserts|ORBIS
		{E623E922-DC23-7EE5-3588-0DE25C99E876}.Profile|ORBIS.ActiveCfg = Profile|ORBIS
		{E623E922-DC23-7EE5-3588-0DE25C99E876}.Profile|ORBIS.Build.0 = Profile|ORBIS
		{E623E922-DC23-7EE5-3588-0DE25C99E876}.Release|ORBIS.ActiveCfg = Release|ORBIS
		{E623E922-DC23-7EE5-3588-0DE25C99E876}.Release|ORBIS.Build.0 = Release|ORBIS
		{1A982852-E7E6-B087-003B-AF995EC9FC74}.Debug|ORBIS.ActiveCfg = Debug|ORBIS
		{1A982852-E7E6-B087-003B-AF995EC9FC74}.Debug|ORBIS.Build.0 = Debug|ORBIS
		{1A982852-E7E6-B087-003B-AF995EC9FC74}.Profile_EnableAsserts|ORBIS.ActiveCfg = Profile_EnableAsserts|ORBIS
		{1A982852-E7E6-B087-003B-AF995EC9FC74}.Profile_EnableAsserts|ORBIS.Build.0 = Profile_EnableAsserts|ORBIS
		{1A982852-E7E6-B087-003B-AF995EC9FC74}.Profile|ORBIS.ActiveCfg = Profile|ORBIS
		{1A982852-E7E6-B087-003B-AF995EC9FC74}.Profile|ORBIS.Build.0 = Profile|ORBIS
		{1A982852-E7E6-B087-003B-AF995EC9FC74}.Release|ORBIS.ActiveCfg = Release|ORBIS
		{1A982852-E7E6-B087-003B-AF995EC9FC74}.Release|ORBIS.Build.0 = Release|ORBIS
		{CF7F2CA9-D866-5AEF-65E7-BBBC8D224B8D}.Debug|ORBIS.ActiveCfg = Debug|ORBIS
		{CF7F2CA9-D866-5AEF-65E7-BBBC8D224B8D}.Debug|ORBIS.Build.0 = Debug|ORBIS
		{CF7F2CA9-D866-5AEF-65E7-BBBC8D224B8D}.Profile_EnableAsserts|ORBIS.ActiveCfg = Profile_EnableAsserts|ORBIS
		{CF7F2CA9-D866-5AEF-65E7-BBBC8D224B8D}.Profile_EnableAsserts|ORBIS.Build.0 = Profile_EnableAsserts|ORBIS
		{CF7F2CA9-D866-5AEF-65E7-BBBC8D224B8D}.Profile|ORBIS.ActiveCfg = Profile|ORBIS
		{CF7F2CA9-D866-5AEF-65E7-BBBC8D224B8D}.Profile|ORBIS.Build.0 = Profile|ORBIS
		{CF7F2CA9-D866-5AEF-65E7-BBBC8D224B8D}.Release|ORBIS.ActiveCfg = Release|ORBIS
		{CF7F2CA9-D866-5AEF-65E7-BBBC8D224B8D}.Release|ORBIS.Build.0 = Release|ORBIS
		{82E09D3D-8521-B64B-EC27-2CE868C9947C}.Debug|ORBIS.ActiveCfg = Debug|ORBIS
		{82E09D3D-8521-B64B-EC27-2CE868C9947C}.Debug|ORBIS.Build.0 = Debug|ORBIS
		{82E09D3D-8521-B64B-EC27-2CE868C9947C}.Profile_EnableAsserts|ORBIS.ActiveCfg = Profile_EnableAsserts|ORBIS
		{82E09D3D-8521-B64B-EC27-2CE868C9947C}.Profile_EnableAsserts|ORBIS.Build.0 = Profile_EnableAsserts|ORBIS
		{82E09D3D-8521-B64B-EC27-2CE868C9947C}.Profile|ORBIS.ActiveCfg = Profile|ORBIS
		{82E09D3D-8521-B64B-EC27-2CE868C9947C}.Profile|ORBIS.Build.0 = Profile|ORBIS
		{82E09D3D-8521-B64B-EC27-2CE868C9947C}.Release|ORBIS.ActiveCfg = Release|ORBIS
		{82E09D3D-8521-B64B-EC27-2CE868C9947C}.Release|ORBIS.Build.0 = Release|ORBIS
		{6E5E51D4-6A24-AFE5-A34C-D19EC0132552}.Debug|ORBIS.ActiveCfg = Debug|ORBIS
		{6E5E51D4-6A24-AFE5-A34C-D19EC0132552}.Debug|ORBIS.Build.0 = Debug|ORBIS
		{6E5E51D4-6A24-AFE5-A34C-D19EC0132552}.Profile_EnableAsserts|ORBIS.ActiveCfg = Profile_EnableAsserts|ORBIS
		{6E5E51D4-6A24-AFE5-A34C-D19EC0132552}.Profile_EnableAsserts|ORBIS.Build.0 = Profile_EnableAsserts|ORBIS
		{6E5E51D4-6A24-AFE5-A34C-D19EC0132552}.Profile|ORBIS.ActiveCfg = Profile|ORBIS
		{6E5E51D4-6A24-AFE5-A34C-D19EC0132552}.Profile|ORBIS.Build.0 = Profile|ORBIS
		{6E5E51D4-6A24-AFE5-A34C-D19EC0132552}.Release|ORBIS.ActiveCfg = Release|ORBIS
		{6E5E51D4-6A24-AFE5-A34C-D19EC0132552}.Release|ORBIS.Build.0 = Release|ORBIS
		{C434D988-F12D-E01B-31CE-06FAE7C7C23E}.Debug|ORBIS.ActiveCfg = Debug|ORBIS
		{C434D988-F12D-E01B-31CE-06FAE7C7C23E}.Debug|ORBIS.Build.0 = Debug|ORBIS
		{C434D988-F12D-E01B-31CE-06FAE7C7C23E}.Profile_EnableAsserts|ORBIS.ActiveCfg = Profile_EnableAsserts|ORBIS
		{C434D988-F12D-E01B-31CE-06FAE7C7C23E}.Profile_EnableAsserts|ORBIS.Build.0 = Profile_EnableAsserts|ORBIS
		{C434D988-F12D-E01B-31CE-06FAE7C7C23E}.Profile|ORBIS.ActiveCfg = Profile|ORBIS
		{C434D988-F12D-E01B-31CE-06FAE7C7C23E}.Profile|ORBIS.Build.0 = Profile|ORBIS
		{C434D988-F12D-E01B-31CE-06FAE7C7C23E}.Release|ORBIS.ActiveCfg = Release|ORBIS
		{C434D988-F12D-E01B-31CE-06FAE7C7C23E}.Release|ORBIS.Build.0 = Release|ORBIS
		{21756F8B-6C7C-7907-CDE6-80CC4CF9A6FB}.Debug|ORBIS.ActiveCfg = Debug|ORBIS
		{21756F8B-6C7C-7907-CDE6-80CC4CF9A6FB}.Debug|ORBIS.Build.0 = Debug|ORBIS
		{21756F8B-6C7C-7907-CDE6-80CC4CF9A6FB}.Profile_EnableAsserts|ORBIS.ActiveCfg = Profile_EnableAsserts|ORBIS
		{21756F8B-6C7C-7907-CDE6-80CC4CF9A6FB}.Profile_EnableAsserts|ORBIS.Build.0 = Profile_EnableAsserts|ORBIS
		{21756F8B-6C7C-7907-CDE6-80CC4CF9A6FB}.Profile|ORBIS.ActiveCfg = Profile|ORBIS
		{21756F8B-6C7C-7907-CDE6-80CC4CF9A6FB}.Profile|ORBIS.Build.0 = Profile|ORBIS
		{21756F8B-6C7C-7907-CDE6-80CC4CF9A6FB}.Release|ORBIS.ActiveCfg = Release|ORBIS
		{21756F8B-6C7C-7907-CDE6-80CC4CF9A6FB}.Release|ORBIS.Build.0 = Release|ORBIS
		{B780CD97-575E-7195-AC35-78C9A63D720B}.Debug|ORBIS.ActiveCfg = Debug|ORBIS
		{B780CD97-575E-7195-AC35-78C9A63D720B}.Debug|ORBIS.Build.0 = Debug|ORBIS
		{B780CD97-575E-7195-AC35-78C9A63D720B}.Profile_EnableAsserts|ORBIS.ActiveCfg = Profile_EnableAsserts|ORBIS
		{B780CD97-575E-7195-AC35-78C9A63D720B}.Profile_EnableAsserts|ORBIS.Build.0 = Profile_EnableAsserts|ORBIS
		{B780CD97-575E-7195-AC35-78C9A63D720B}.Profile|ORBIS.ActiveCfg = Profile|ORBIS
		{B780CD97-575E-7195-AC35-78C9A63D720B}.Profile|ORBIS.Build.0 = Profile|ORBIS
		{B780CD97-575E-7195-AC35-78C9A63D720B}.Release|ORBIS.ActiveCfg = Release|ORBIS
		{B780CD97-575E-7195-AC35-78C9A63D720B}.Release|ORBIS.Build.0 = Release|ORBIS
		{1F5DB24D-7455-3DE2-E36F-0E91C704B8A4}.Debug|ORBIS.ActiveCfg = Debug|ORBIS
		{1F5DB24D-7455-3DE2-E36F-0E91C704B8A4}.Debug|ORBIS.Build.0 = Debug|ORBIS
		{1F5DB24D-7455-3DE2-E36F-0E91C704B8A4}.Profile_EnableAsserts|ORBIS.ActiveCfg = Profile_EnableAsserts|ORBIS
		{1F5DB24D-7455-3DE2-E36F-0E91C704B8A4}.Profile_EnableAsserts|ORBIS.Build.0 = Profile_EnableAsserts|ORBIS
		{1F5DB24D-7455-3DE2-E36F-0E91C704B8A4}.Profile|ORBIS.ActiveCfg = Profile|ORBIS
		{1F5DB24D-7455-3DE2-E36F-0E91C704B8A4}.Profile|ORBIS.Build.0 = Profile|ORBIS
		{1F5DB24D-7455-3DE2-E36F-0E91C704B8A4}.Release|ORBIS.ActiveCfg = Release|ORBIS
		{1F5DB24D-7455-3DE2-E36F-0E91C704B8A4}.Release|ORBIS.Build.0 = Release|ORBIS
		{3AB1B278-4FA8-C51E-96E2-99261BA5416B}.Debug|ORBIS.ActiveCfg = Debug|ORBIS
		{3AB1B278-4FA8-C51E-96E2-99261BA5416B}.Debug|ORBIS.Build.0 = Debug|ORBIS
		{3AB1B278-4FA8-C51E-96E2-99261BA5416B}.Profile_EnableAsserts|ORBIS.ActiveCfg = Profile_EnableAsserts|ORBIS
		{3AB1B278-4FA8-C51E-96E2-99261BA5416B}.Profile_EnableAsserts|ORBIS.Build.0 = Profile_EnableAsserts|ORBIS
		{3AB1B278-4FA8-C51E-96E2-99261BA5416B}.Profile|ORBIS.ActiveCfg = Profile|ORBIS
		{3AB1B278-4FA8-C51E-96E2-99261BA5416B}.Profile|ORBIS.Build.0 = Profile|ORBIS
		{3AB1B278-4FA8-C51E-96E2-99261BA5416B}.Release|ORBIS.ActiveCfg = Release|ORBIS
		{3AB1B278-4FA8-C51E-96E2-99261BA5416B}.Release|ORBIS.Build.0 = Release|ORBIS
		{EBE0CD67-43A8-69CD-AA4B-D4C2B3CA9964}.Debug|ORBIS.ActiveCfg = Debug|ORBIS
		{EBE0CD67-43A8-69CD-AA4B-D4C2B3CA9964}.Debug|ORBIS.Build.0 = Debug|ORBIS
		{EBE0CD67-43A8-69CD-AA4B-D4C2B3CA9964}.Profile_EnableAsserts|ORBIS.ActiveCfg = Profile_EnableAsserts|ORBIS
		{EBE0CD67-43A8-69CD-AA4B-D4C2B3CA9964}.Profile_EnableAsserts|ORBIS.Build.0 = Profile_EnableAsserts|ORBIS
		{EBE0CD67-43A8-69CD-AA4B-D4C2B3CA9964}.Profile|ORBIS.ActiveCfg = Profile|ORBIS
		{EBE0CD67-43A8-69CD-AA4B-D4C2B3CA9964}.Profile|ORBIS.Build.0 = Profile|ORBIS
		{EBE0CD67-43A8-69CD-AA4B-D4C2B3CA9964}.Release|ORBIS.ActiveCfg = Release|ORBIS
		{EBE0CD67-43A8-69CD-AA4B-D4C2B3CA9964}.Release|ORBIS.Build.0 = Release|ORBIS
	EndGlobalSection
	GlobalSection(SolutionProperties) = preSolution
		HideSolutionNode = FALSE
	EndGlobalSection
	GlobalSection(NestedProjects) = preSolution
		{D655309C-6F45-C30A-7231-942FBF41CC33} = {118C63B7-7D99-919D-0680-8D88728C5D54}
		{C7139DA0-588E-BE38-CB2F-BD5FC949C982} = {5339CA5D-3FF1-0BAB-A8F8-E40694CFA69B}
		{1DFD763D-8969-3238-525D-CA95BE8854A0} = {6EEF9964-DAAF-159B-A3EA-5E180F6A5A77}
		{260B91EA-9D7E-E9B7-22F3-A2910F38153A} = {1DFD763D-8969-3238-525D-CA95BE8854A0}
		{D5B96858-5624-BD35-8580-4D275614AA4B} = {1DFD763D-8969-3238-525D-CA95BE8854A0}
		{F4C3420B-9282-FBDE-2663-35C281E44C5F} = {1DFD763D-8969-3238-525D-CA95BE8854A0}
		{3BA36592-C695-82BE-12A3-88B9063F532C} = {1DFD763D-8969-3238-525D-CA95BE8854A0}
		{891F06E1-6D30-07E0-6312-6DF0B30D914A} = {1DFD763D-8969-3238-525D-CA95BE8854A0}
		{C0F54910-918C-C42D-7A33-8D47A263CC2B} = {1DFD763D-8969-3238-525D-CA95BE8854A0}
		{D7122317-3794-6DE4-4298-927F2392658C} = {1DFD763D-8969-3238-525D-CA95BE8854A0}
		{A065E5B1-FCA0-73BF-73BD-61E8009F8439} = {1DFD763D-8969-3238-525D-CA95BE8854A0}
		{EC799DB8-A25B-5156-C399-222FF29295A0} = {1DFD763D-8969-3238-525D-CA95BE8854A0}
		{24726956-B077-99E3-8E7B-82163867C648} = {1DFD763D-8969-3238-525D-CA95BE8854A0}
		{DA91DFE1-4FDC-1D5F-C3F5-1AAEAC12A52D} = {1DFD763D-8969-3238-525D-CA95BE8854A0}
		{98CF4346-A613-F5C2-57BD-5233FB7579B7} = {1DFD763D-8969-3238-525D-CA95BE8854A0}
		{E623E922-DC23-7EE5-3588-0DE25C99E876} = {1DFD763D-8969-3238-525D-CA95BE8854A0}
		{1A982852-E7E6-B087-003B-AF995EC9FC74} = {1DFD763D-8969-3238-525D-CA95BE8854A0}
		{CF7F2CA9-D866-5AEF-65E7-BBBC8D224B8D} = {1DFD763D-8969-3238-525D-CA95BE8854A0}
		{82E09D3D-8521-B64B-EC27-2CE868C9947C} = {1DFD763D-8969-3238-525D-CA95BE8854A0}
		{6E5E51D4-6A24-AFE5-A34C-D19EC0132552} = {1DFD763D-8969-3238-525D-CA95BE8854A0}
		{E14B3B89-4DB8-F683-16AC-8EE182D718EC} = {6EEF9964-DAAF-159B-A3EA-5E180F6A5A77}
		{C434D988-F12D-E01B-31CE-06FAE7C7C23E} = {E14B3B89-4DB8-F683-16AC-8EE182D718EC}
		{21756F8B-6C7C-7907-CDE6-80CC4CF9A6FB} = {E14B3B89-4DB8-F683-16AC-8EE182D718EC}
		{B780CD97-575E-7195-AC35-78C9A63D720B} = {E14B3B89-4DB8-F683-16AC-8EE182D718EC}
		{1F5DB24D-7455-3DE2-E36F-0E91C704B8A4} = {E14B3B89-4DB8-F683-16AC-8EE182D718EC}
		{3AB1B278-4FA8-C51E-96E2-99261BA5416B} = {E14B3B89-4DB8-F683-16AC-8EE182D718EC}
		{EBE0CD67-43A8-69CD-AA4B-D4C2B3CA9964} = {81FE7D09-6D61-0DAE-16E7-45640229D930}
	EndGlobalSection
EndGlobal
