<?xml version="1.0" encoding="utf-8"?>
<Project ToolsVersion="4.0" xmlns="http://schemas.microsoft.com/developer/msbuild/2003">
  <ItemGroup>
    <ClInclude Include="..\AkCompressorFX.h" />
    <ClInclude Include="..\AkCompressorFXParams.h" />
  </ItemGroup>
  <ItemGroup>
    <ClCompile Include="..\AkCompressorFX.cpp" />
    <ClCompile Include="..\AkCompressorFXParams.cpp" />
    <ClCompile Include="..\InitAkCompressorFX.cpp" />
  </ItemGroup>
</Project>