<?xml version="1.0" encoding="utf-8"?>
<Project ToolsVersion="4.0" xmlns="http://schemas.microsoft.com/developer/msbuild/2003">
  <ItemGroup>
    <ClInclude Include="..\AkExpanderFX.h" />
    <ClInclude Include="..\AkExpanderFXParams.h" />
  </ItemGroup>
  <ItemGroup>
    <ClCompile Include="..\AkExpanderFX.cpp" />
    <ClCompile Include="..\AkExpanderFXParams.cpp" />
    <ClCompile Include="..\InitAkExpanderFX.cpp" />
  </ItemGroup>
</Project>